
Microsoft Visual Studio Solution File, Format Version 12.00
# Visual Studio Version 17
VisualStudioVersion = 17.6.33829.357
MinimumVisualStudioVersion = 10.0.40219.1
Project("{9A19103F-16F7-4668-BE54-9A1E7A4F7556}") = "FakeSurance.API", "FakeSurance.API\FakeSurance.API.csproj", "{7DA2A6AF-B4F9-4808-BFE4-599628460298}"
EndProject
Project("{9A19103F-16F7-4668-BE54-9A1E7A4F7556}") = "FakeSurance.Business", "FakeSurance.Business\FakeSurance.Business.csproj", "{587F670E-ED5F-4BFF-8541-72453F6813B2}"
EndProject
Project("{9A19103F-16F7-4668-BE54-9A1E7A4F7556}") = "FakeSurance.Core", "FakeSurance.Core\FakeSurance.Core.csproj", "{CCBD6A20-DBE8-4142-A2A9-A92F6A035CCE}"
EndProject
Project("{9A19103F-16F7-4668-BE54-9A1E7A4F7556}") = "FakeSurance.DataAccess", "FakeSurance.DataAccess\FakeSurance.DataAccess.csproj", "{524B5BEF-6E6E-4263-9A0B-AF1B7216181E}"
EndProject
Project("{9A19103F-16F7-4668-BE54-9A1E7A4F7556}") = "FakeSurance.Entities", "FakeSurance.Entities\FakeSurance.Entities.csproj", "{AC3471D7-E787-403E-B90C-0B16D8F2B262}"
EndProject
Global
	GlobalSection(SolutionConfigurationPlatforms) = preSolution
		Debug|Any CPU = Debug|Any CPU
		Release|Any CPU = Release|Any CPU
	EndGlobalSection
	GlobalSection(ProjectConfigurationPlatforms) = postSolution
		{7DA2A6AF-B4F9-4808-BFE4-599628460298}.Debug|Any CPU.ActiveCfg = Debug|Any CPU
		{7DA2A6AF-B4F9-4808-BFE4-599628460298}.Debug|Any CPU.Build.0 = Debug|Any CPU
		{7DA2A6AF-B4F9-4808-BFE4-599628460298}.Release|Any CPU.ActiveCfg = Release|Any CPU
		{7DA2A6AF-B4F9-4808-BFE4-599628460298}.Release|Any CPU.Build.0 = Release|Any CPU
		{587F670E-ED5F-4BFF-8541-72453F6813B2}.Debug|Any CPU.ActiveCfg = Debug|Any CPU
		{587F670E-ED5F-4BFF-8541-72453F6813B2}.Debug|Any CPU.Build.0 = Debug|Any CPU
		{587F670E-ED5F-4BFF-8541-72453F6813B2}.Release|Any CPU.ActiveCfg = Release|Any CPU
		{587F670E-ED5F-4BFF-8541-72453F6813B2}.Release|Any CPU.Build.0 = Release|Any CPU
		{CCBD6A20-DBE8-4142-A2A9-A92F6A035CCE}.Debug|Any CPU.ActiveCfg = Debug|Any CPU
		{CCBD6A20-DBE8-4142-A2A9-A92F6A035CCE}.Debug|Any CPU.Build.0 = Debug|Any CPU
		{CCBD6A20-DBE8-4142-A2A9-A92F6A035CCE}.Release|Any CPU.ActiveCfg = Release|Any CPU
		{CCBD6A20-DBE8-4142-A2A9-A92F6A035CCE}.Release|Any CPU.Build.0 = Release|Any CPU
		{524B5BEF-6E6E-4263-9A0B-AF1B7216181E}.Debug|Any CPU.ActiveCfg = Debug|Any CPU
		{524B5BEF-6E6E-4263-9A0B-AF1B7216181E}.Debug|Any CPU.Build.0 = Debug|Any CPU
		{524B5BEF-6E6E-4263-9A0B-AF1B7216181E}.Release|Any CPU.ActiveCfg = Release|Any CPU
		{524B5BEF-6E6E-4263-9A0B-AF1B7216181E}.Release|Any CPU.Build.0 = Release|Any CPU
		{AC3471D7-E787-403E-B90C-0B16D8F2B262}.Debug|Any CPU.ActiveCfg = Debug|Any CPU
		{AC3471D7-E787-403E-B90C-0B16D8F2B262}.Debug|Any CPU.Build.0 = Debug|Any CPU
		{AC3471D7-E787-403E-B90C-0B16D8F2B262}.Release|Any CPU.ActiveCfg = Release|Any CPU
		{AC3471D7-E787-403E-B90C-0B16D8F2B262}.Release|Any CPU.Build.0 = Release|Any CPU
	EndGlobalSection
	GlobalSection(SolutionProperties) = preSolution
		HideSolutionNode = FALSE
	EndGlobalSection
	GlobalSection(ExtensibilityGlobals) = postSolution
		SolutionGuid = {81BFB53F-3FEF-42A1-8F14-67D75E30C201}
	EndGlobalSection
EndGlobal
